// !$*UTF8*$!
{
	archiveVersion = 1;
	classes = {
	};
	objectVersion = 50;
	objects = {

/* Begin PBXBuildFile section */
		FA7569BD27B77F3200F1B419 /* AppDelegate.swift in Sources */ = {isa = PBXBuildFile; fileRef = FA7569BC27B77F3200F1B419 /* AppDelegate.swift */; };
		FA7569BF27B77F3200F1B419 /* SceneDelegate.swift in Sources */ = {isa = PBXBuildFile; fileRef = FA7569BE27B77F3200F1B419 /* SceneDelegate.swift */; };
		FA7569C127B77F3200F1B419 /* ViewController.swift in Sources */ = {isa = PBXBuildFile; fileRef = FA7569C027B77F3200F1B419 /* ViewController.swift */; };
		FA7569C427B77F3200F1B419 /* Main.storyboard in Resources */ = {isa = PBXBuildFile; fileRef = FA7569C227B77F3200F1B419 /* Main.storyboard */; };
		FA7569C627B77F3500F1B419 /* Assets.xcassets in Resources */ = {isa = PBXBuildFile; fileRef = FA7569C527B77F3500F1B419 /* Assets.xcassets */; };
		FA7569C927B77F3500F1B419 /* LaunchScreen.storyboard in Resources */ = {isa = PBXBuildFile; fileRef = FA7569C727B77F3500F1B419 /* LaunchScreen.storyboard */; };
		FA7569D927B7872800F1B419 /* MyPageViewController.swift in Sources */ = {isa = PBXBuildFile; fileRef = FA7569D827B7872800F1B419 /* MyPageViewController.swift */; };
		FA7569DC27B787E700F1B419 /* CarViewController.swift in Sources */ = {isa = PBXBuildFile; fileRef = FA7569DB27B787E700F1B419 /* CarViewController.swift */; };
		FA7569DF27B78D5100F1B419 /* CarsHelper.swift in Sources */ = {isa = PBXBuildFile; fileRef = FA7569DE27B78D5100F1B419 /* CarsHelper.swift */; };
/* End PBXBuildFile section */

/* Begin PBXFileReference section */
		FA7569B927B77F3200F1B419 /* UIPageViewController.app */ = {isa = PBXFileReference; explicitFileType = wrapper.application; includeInIndex = 0; path = UIPageViewController.app; sourceTree = BUILT_PRODUCTS_DIR; };
		FA7569BC27B77F3200F1B419 /* AppDelegate.swift */ = {isa = PBXFileReference; lastKnownFileType = sourcecode.swift; path = AppDelegate.swift; sourceTree = "<group>"; };
		FA7569BE27B77F3200F1B419 /* SceneDelegate.swift */ = {isa = PBXFileReference; lastKnownFileType = sourcecode.swift; path = SceneDelegate.swift; sourceTree = "<group>"; };
		FA7569C027B77F3200F1B419 /* ViewController.swift */ = {isa = PBXFileReference; lastKnownFileType = sourcecode.swift; path = ViewController.swift; sourceTree = "<group>"; };
		FA7569C327B77F3200F1B419 /* Base */ = {isa = PBXFileReference; lastKnownFileType = file.storyboard; name = Base; path = Base.lproj/Main.storyboard; sourceTree = "<group>"; };
		FA7569C527B77F3500F1B419 /* Assets.xcassets */ = {isa = PBXFileReference; lastKnownFileType = folder.assetcatalog; path = Assets.xcassets; sourceTree = "<group>"; };
		FA7569C827B77F3500F1B419 /* Base */ = {isa = PBXFileReference; lastKnownFileType = file.storyboard; name = Base; path = Base.lproj/LaunchScreen.storyboard; sourceTree = "<group>"; };
		FA7569CA27B77F3500F1B419 /* Info.plist */ = {isa = PBXFileReference; lastKnownFileType = text.plist.xml; path = Info.plist; sourceTree = "<group>"; };
		FA7569D827B7872800F1B419 /* MyPageViewController.swift */ = {isa = PBXFileReference; lastKnownFileType = sourcecode.swift; path = MyPageViewController.swift; sourceTree = "<group>"; };
		FA7569DB27B787E700F1B419 /* CarViewController.swift */ = {isa = PBXFileReference; lastKnownFileType = sourcecode.swift; path = CarViewController.swift; sourceTree = "<group>"; };
		FA7569DE27B78D5100F1B419 /* CarsHelper.swift */ = {isa = PBXFileReference; lastKnownFileType = sourcecode.swift; path = CarsHelper.swift; sourceTree = "<group>"; };
/* End PBXFileReference section */

/* Begin PBXFrameworksBuildPhase section */
		FA7569B627B77F3200F1B419 /* Frameworks */ = {
			isa = PBXFrameworksBuildPhase;
			buildActionMask = 2147483647;
			files = (
			);
			runOnlyForDeploymentPostprocessing = 0;
		};
/* End PBXFrameworksBuildPhase section */

/* Begin PBXGroup section */
		FA7569B027B77F3200F1B419 = {
			isa = PBXGroup;
			children = (
				FA7569BB27B77F3200F1B419 /* UIPageViewController */,
				FA7569BA27B77F3200F1B419 /* Products */,
			);
			sourceTree = "<group>";
		};
		FA7569BA27B77F3200F1B419 /* Products */ = {
			isa = PBXGroup;
			children = (
				FA7569B927B77F3200F1B419 /* UIPageViewController.app */,
			);
			name = Products;
			sourceTree = "<group>";
		};
		FA7569BB27B77F3200F1B419 /* UIPageViewController */ = {
			isa = PBXGroup;
			children = (
				FA7569BC27B77F3200F1B419 /* AppDelegate.swift */,
				FA7569BE27B77F3200F1B419 /* SceneDelegate.swift */,
				FA7569C027B77F3200F1B419 /* ViewController.swift */,
				FA7569D427B7838600F1B419 /* PageVC */,
				FA7569C227B77F3200F1B419 /* Main.storyboard */,
				FA7569C527B77F3500F1B419 /* Assets.xcassets */,
				FA7569C727B77F3500F1B419 /* LaunchScreen.storyboard */,
				FA7569CA27B77F3500F1B419 /* Info.plist */,
			);
			path = UIPageViewController;
			sourceTree = "<group>";
		};
		FA7569D427B7838600F1B419 /* PageVC */ = {
			isa = PBXGroup;
			children = (
				FA7569D827B7872800F1B419 /* MyPageViewController.swift */,
				FA7569DB27B787E700F1B419 /* CarViewController.swift */,
				FA7569DE27B78D5100F1B419 /* CarsHelper.swift */,
			);
			path = PageVC;
			sourceTree = "<group>";
		};
/* End PBXGroup section */

/* Begin PBXNativeTarget section */
		FA7569B827B77F3200F1B419 /* UIPageViewController */ = {
			isa = PBXNativeTarget;
			buildConfigurationList = FA7569CD27B77F3500F1B419 /* Build configuration list for PBXNativeTarget "UIPageViewController" */;
			buildPhases = (
				FA7569B527B77F3200F1B419 /* Sources */,
				FA7569B627B77F3200F1B419 /* Frameworks */,
				FA7569B727B77F3200F1B419 /* Resources */,
			);
			buildRules = (
			);
			dependencies = (
			);
			name = UIPageViewController;
			productName = UIPageViewController;
			productReference = FA7569B927B77F3200F1B419 /* UIPageViewController.app */;
			productType = "com.apple.product-type.application";
		};
/* End PBXNativeTarget section */

/* Begin PBXProject section */
		FA7569B127B77F3200F1B419 /* Project object */ = {
			isa = PBXProject;
			attributes = {
				LastSwiftUpdateCheck = 1240;
				LastUpgradeCheck = 1240;
				TargetAttributes = {
					FA7569B827B77F3200F1B419 = {
						CreatedOnToolsVersion = 12.4;
					};
				};
			};
			buildConfigurationList = FA7569B427B77F3200F1B419 /* Build configuration list for PBXProject "UIPageViewController" */;
			compatibilityVersion = "Xcode 9.3";
			developmentRegion = en;
			hasScannedForEncodings = 0;
			knownRegions = (
				en,
				Base,
			);
			mainGroup = FA7569B027B77F3200F1B419;
			productRefGroup = FA7569BA27B77F3200F1B419 /* Products */;
			projectDirPath = "";
			projectRoot = "";
			targets = (
				FA7569B827B77F3200F1B419 /* UIPageViewController */,
			);
		};
/* End PBXProject section */

/* Begin PBXResourcesBuildPhase section */
		FA7569B727B77F3200F1B419 /* Resources */ = {
			isa = PBXResourcesBuildPhase;
			buildActionMask = 2147483647;
			files = (
				FA7569C927B77F3500F1B419 /* LaunchScreen.storyboard in Resources */,
				FA7569C627B77F3500F1B419 /* Assets.xcassets in Resources */,
				FA7569C427B77F3200F1B419 /* Main.storyboard in Resources */,
			);
			runOnlyForDeploymentPostprocessing = 0;
		};
/* End PBXResourcesBuildPhase section */

/* Begin PBXSourcesBuildPhase section */
		FA7569B527B77F3200F1B419 /* Sources */ = {
			isa = PBXSourcesBuildPhase;
			buildActionMask = 2147483647;
			files = (
				FA7569DC27B787E700F1B419 /* CarViewController.swift in Sources */,
				FA7569C127B77F3200F1B419 /* ViewController.swift in Sources */,
				FA7569BD27B77F3200F1B419 /* AppDelegate.swift in Sources */,
				FA7569BF27B77F3200F1B419 /* SceneDelegate.swift in Sources */,
				FA7569DF27B78D5100F1B419 /* CarsHelper.swift in Sources */,
				FA7569D927B7872800F1B419 /* MyPageViewController.swift in Sources */,
			);
			runOnlyForDeploymentPostprocessing = 0;
		};
/* End PBXSourcesBuildPhase section */

/* Begin PBXVariantGroup section */
		FA7569C227B77F3200F1B419 /* Main.storyboard */ = {
			isa = PBXVariantGroup;
			children = (
				FA7569C327B77F3200F1B419 /* Base */,
			);
			name = Main.storyboard;
			sourceTree = "<group>";
		};
		FA7569C727B77F3500F1B419 /* LaunchScreen.storyboard */ = {
			isa = PBXVariantGroup;
			children = (
				FA7569C827B77F3500F1B419 /* Base */,
			);
			name = LaunchScreen.storyboard;
			sourceTree = "<group>";
		};
/* End PBXVariantGroup section */

/* Begin XCBuildConfiguration section */
		FA7569CB27B77F3500F1B419 /* Debug */ = {
			isa = XCBuildConfiguration;
			buildSettings = {
				ALWAYS_SEARCH_USER_PATHS = NO;
				CLANG_ANALYZER_NONNULL = YES;
				CLANG_ANALYZER_NUMBER_OBJECT_CONVERSION = YES_AGGRESSIVE;
				CLANG_CXX_LANGUAGE_STANDARD = "gnu++14";
				CLANG_CXX_LIBRARY = "libc++";
				CLANG_ENABLE_MODULES = YES;
				CLANG_ENABLE_OBJC_ARC = YES;
				CLANG_ENABLE_OBJC_WEAK = YES;
				CLANG_WARN_BLOCK_CAPTURE_AUTORELEASING = YES;
				CLANG_WARN_BOOL_CONVERSION = YES;
				CLANG_WARN_COMMA = YES;
				CLANG_WARN_CONSTANT_CONVERSION = YES;
				CLANG_WARN_DEPRECATED_OBJC_IMPLEMENTATIONS = YES;
				CLANG_WARN_DIRECT_OBJC_ISA_USAGE = YES_ERROR;
				CLANG_WARN_DOCUMENTATION_COMMENTS = YES;
				CLANG_WARN_EMPTY_BODY = YES;
				CLANG_WARN_ENUM_CONVERSION = YES;
				CLANG_WARN_INFINITE_RECURSION = YES;
				CLANG_WARN_INT_CONVERSION = YES;
				CLANG_WARN_NON_LITERAL_NULL_CONVERSION = YES;
				CLANG_WARN_OBJC_IMPLICIT_RETAIN_SELF = YES;
				CLANG_WARN_OBJC_LITERAL_CONVERSION = YES;
				CLANG_WARN_OBJC_ROOT_CLASS = YES_ERROR;
				CLANG_WARN_QUOTED_INCLUDE_IN_FRAMEWORK_HEADER = YES;
				CLANG_WARN_RANGE_LOOP_ANALYSIS = YES;
				CLANG_WARN_STRICT_PROTOTYPES = YES;
				CLANG_WARN_SUSPICIOUS_MOVE = YES;
				CLANG_WARN_UNGUARDED_AVAILABILITY = YES_AGGRESSIVE;
				CLANG_WARN_UNREACHABLE_CODE = YES;
				CLANG_WARN__DUPLICATE_METHOD_MATCH = YES;
				COPY_PHASE_STRIP = NO;
				DEBUG_INFORMATION_FORMAT = dwarf;
				ENABLE_STRICT_OBJC_MSGSEND = YES;
				ENABLE_TESTABILITY = YES;
				GCC_C_LANGUAGE_STANDARD = gnu11;
				GCC_DYNAMIC_NO_PIC = NO;
				GCC_NO_COMMON_BLOCKS = YES;
				GCC_OPTIMIZATION_LEVEL = 0;
				GCC_PREPROCESSOR_DEFINITIONS = (
					"DEBUG=1",
					"$(inherited)",
				);
				GCC_WARN_64_TO_32_BIT_CONVERSION = YES;
				GCC_WARN_ABOUT_RETURN_TYPE = YES_ERROR;
				GCC_WARN_UNDECLARED_SELECTOR = YES;
				GCC_WARN_UNINITIALIZED_AUTOS = YES_AGGRESSIVE;
				GCC_WARN_UNUSED_FUNCTION = YES;
				GCC_WARN_UNUSED_VARIABLE = YES;
				IPHONEOS_DEPLOYMENT_TARGET = 14.4;
				MTL_ENABLE_DEBUG_INFO = INCLUDE_SOURCE;
				MTL_FAST_MATH = YES;
				ONLY_ACTIVE_ARCH = YES;
				SDKROOT = iphoneos;
				SWIFT_ACTIVE_COMPILATION_CONDITIONS = DEBUG;
				SWIFT_OPTIMIZATION_LEVEL = "-Onone";
			};
			name = Debug;
		};
		FA7569CC27B77F3500F1B419 /* Release */ = {
			isa = XCBuildConfiguration;
			buildSettings = {
				ALWAYS_SEARCH_USER_PATHS = NO;
				CLANG_ANALYZER_NONNULL = YES;
				CLANG_ANALYZER_NUMBER_OBJECT_CONVERSION = YES_AGGRESSIVE;
				CLANG_CXX_LANGUAGE_STANDARD = "gnu++14";
				CLANG_CXX_LIBRARY = "libc++";
				CLANG_ENABLE_MODULES = YES;
				CLANG_ENABLE_OBJC_ARC = YES;
				CLANG_ENABLE_OBJC_WEAK = YES;
				CLANG_WARN_BLOCK_CAPTURE_AUTORELEASING = YES;
				CLANG_WARN_BOOL_CONVERSION = YES;
				CLANG_WARN_COMMA = YES;
				CLANG_WARN_CONSTANT_CONVERSION = YES;
				CLANG_WARN_DEPRECATED_OBJC_IMPLEMENTATIONS = YES;
				CLANG_WARN_DIRECT_OBJC_ISA_USAGE = YES_ERROR;
				CLANG_WARN_DOCUMENTATION_COMMENTS = YES;
				CLANG_WARN_EMPTY_BODY = YES;
				CLANG_WARN_ENUM_CONVERSION = YES;
				CLANG_WARN_INFINITE_RECURSION = YES;
				CLANG_WARN_INT_CONVERSION = YES;
				CLANG_WARN_NON_LITERAL_NULL_CONVERSION = YES;
				CLANG_WARN_OBJC_IMPLICIT_RETAIN_SELF = YES;
				CLANG_WARN_OBJC_LITERAL_CONVERSION = YES;
				CLANG_WARN_OBJC_ROOT_CLASS = YES_ERROR;
				CLANG_WARN_QUOTED_INCLUDE_IN_FRAMEWORK_HEADER = YES;
				CLANG_WARN_RANGE_LOOP_ANALYSIS = YES;
				CLANG_WARN_STRICT_PROTOTYPES = YES;
				CLANG_WARN_SUSPICIOUS_MOVE = YES;
				CLANG_WARN_UNGUARDED_AVAILABILITY = YES_AGGRESSIVE;
				CLANG_WARN_UNREACHABLE_CODE = YES;
				CLANG_WARN__DUPLICATE_METHOD_MATCH = YES;
				COPY_PHASE_STRIP = NO;
				DEBUG_INFORMATION_FORMAT = "dwarf-with-dsym";
				ENABLE_NS_ASSERTIONS = NO;
				ENABLE_STRICT_OBJC_MSGSEND = YES;
				GCC_C_LANGUAGE_STANDARD = gnu11;
				GCC_NO_COMMON_BLOCKS = YES;
				GCC_WARN_64_TO_32_BIT_CONVERSION = YES;
				GCC_WARN_ABOUT_RETURN_TYPE = YES_ERROR;
				GCC_WARN_UNDECLARED_SELECTOR = YES;
				GCC_WARN_UNINITIALIZED_AUTOS = YES_AGGRESSIVE;
				GCC_WARN_UNUSED_FUNCTION = YES;
				GCC_WARN_UNUSED_VARIABLE = YES;
				IPHONEOS_DEPLOYMENT_TARGET = 14.4;
				MTL_ENABLE_DEBUG_INFO = NO;
				MTL_FAST_MATH = YES;
				SDKROOT = iphoneos;
				SWIFT_COMPILATION_MODE = wholemodule;
				SWIFT_OPTIMIZATION_LEVEL = "-O";
				VALIDATE_PRODUCT = YES;
			};
			name = Release;
		};
		FA7569CE27B77F3500F1B419 /* Debug */ = {
			isa = XCBuildConfiguration;
			buildSettings = {
				ASSETCATALOG_COMPILER_APPICON_NAME = AppIcon;
				ASSETCATALOG_COMPILER_GLOBAL_ACCENT_COLOR_NAME = AccentColor;
				CODE_SIGN_STYLE = Automatic;
				DEVELOPMENT_TEAM = 5882J3SK56;
				INFOPLIST_FILE = UIPageViewController/Info.plist;
				LD_RUNPATH_SEARCH_PATHS = (
					"$(inherited)",
					"@executable_path/Frameworks",
				);
				PRODUCT_BUNDLE_IDENTIFIER = "SWIFT-iOS.UIPageViewController";
				PRODUCT_NAME = "$(TARGET_NAME)";
				SWIFT_VERSION = 5.0;
				TARGETED_DEVICE_FAMILY = "1,2";
			};
			name = Debug;
		};
		FA7569CF27B77F3500F1B419 /* Release */ = {
			isa = XCBuildConfiguration;
			buildSettings = {
				ASSETCATALOG_COMPILER_APPICON_NAME = AppIcon;
				ASSETCATALOG_COMPILER_GLOBAL_ACCENT_COLOR_NAME = AccentColor;
				CODE_SIGN_STYLE = Automatic;
				DEVELOPMENT_TEAM = 5882J3SK56;
				INFOPLIST_FILE = UIPageViewController/Info.plist;
				LD_RUNPATH_SEARCH_PATHS = (
					"$(inherited)",
					"@executable_path/Frameworks",
				);
				PRODUCT_BUNDLE_IDENTIFIER = "SWIFT-iOS.UIPageViewController";
				PRODUCT_NAME = "$(TARGET_NAME)";
				SWIFT_VERSION = 5.0;
				TARGETED_DEVICE_FAMILY = "1,2";
			};
			name = Release;
		};
/* End XCBuildConfiguration section */

/* Begin XCConfigurationList section */
		FA7569B427B77F3200F1B419 /* Build configuration list for PBXProject "UIPageViewController" */ = {
			isa = XCConfigurationList;
			buildConfigurations = (
				FA7569CB27B77F3500F1B419 /* Debug */,
				FA7569CC27B77F3500F1B419 /* Release */,
			);
			defaultConfigurationIsVisible = 0;
			defaultConfigurationName = Release;
		};
		FA7569CD27B77F3500F1B419 /* Build configuration list for PBXNativeTarget "UIPageViewController" */ = {
			isa = XCConfigurationList;
			buildConfigurations = (
				FA7569CE27B77F3500F1B419 /* Debug */,
				FA7569CF27B77F3500F1B419 /* Release */,
			);
			defaultConfigurationIsVisible = 0;
			defaultConfigurationName = Release;
		};
/* End XCConfigurationList section */
	};
	rootObject = FA7569B127B77F3200F1B419 /* Project object */;
}
